
Microsoft Visual Studio Solution File, Format Version 12.00
# Visual Studio Version 16
VisualStudioVersion = 16.0.34407.143
MinimumVisualStudioVersion = 10.0.40219.1
Project("{FAE04EC0-301F-11D3-BF4B-00C04F79EFBC}") = "AWP_Beyond.trend", "AWP_Beyond.trend\AWP_Beyond.trend.csproj", "{3DE72162-20B2-423B-8E33-B055DC4945AA}"
EndProject
Global
	GlobalSection(SolutionConfigurationPlatforms) = preSolution
		Debug|Any CPU = Debug|Any CPU
		Release|Any CPU = Release|Any CPU
	EndGlobalSection
	GlobalSection(ProjectConfigurationPlatforms) = postSolution
		{3DE72162-20B2-423B-8E33-B055DC4945AA}.Debug|Any CPU.ActiveCfg = Debug|Any CPU
		{3DE72162-20B2-423B-8E33-B055DC4945AA}.Debug|Any CPU.Build.0 = Debug|Any CPU
		{3DE72162-20B2-423B-8E33-B055DC4945AA}.Release|Any CPU.ActiveCfg = Release|Any CPU
		{3DE72162-20B2-423B-8E33-B055DC4945AA}.Release|Any CPU.Build.0 = Release|Any CPU
	EndGlobalSection
	GlobalSection(SolutionProperties) = preSolution
		HideSolutionNode = FALSE
	EndGlobalSection
	GlobalSection(ExtensibilityGlobals) = postSolution
		SolutionGuid = {1203EC23-3DCF-4EDA-8B90-8CCB3FC8DA3A}
	EndGlobalSection
EndGlobal
